// !$*UTF8*$!
{
	archiveVersion = 1;
	classes = {
	};
	objectVersion = 50;
	objects = {

/* Begin PBXBuildFile section */
		624EBCBB253EF96A00F2728C /* AppDelegate.swift in Sources */ = {isa = PBXBuildFile; fileRef = 624EBCBA253EF96A00F2728C /* AppDelegate.swift */; };
		624EBCBD253EF96A00F2728C /* SceneDelegate.swift in Sources */ = {isa = PBXBuildFile; fileRef = 624EBCBC253EF96A00F2728C /* SceneDelegate.swift */; };
		624EBCBF253EF96A00F2728C /* ViewController.swift in Sources */ = {isa = PBXBuildFile; fileRef = 624EBCBE253EF96A00F2728C /* ViewController.swift */; };
		624EBCC2253EF96A00F2728C /* Main.storyboard in Resources */ = {isa = PBXBuildFile; fileRef = 624EBCC0253EF96A00F2728C /* Main.storyboard */; };
		624EBCC4253EF96E00F2728C /* Assets.xcassets in Resources */ = {isa = PBXBuildFile; fileRef = 624EBCC3253EF96E00F2728C /* Assets.xcassets */; };
		624EBCC7253EF96E00F2728C /* LaunchScreen.storyboard in Resources */ = {isa = PBXBuildFile; fileRef = 624EBCC5253EF96E00F2728C /* LaunchScreen.storyboard */; };
/* End PBXBuildFile section */

/* Begin PBXFileReference section */
		624EBCB7253EF96A00F2728C /* StaticTableView-Demo.app */ = {isa = PBXFileReference; explicitFileType = wrapper.application; includeInIndex = 0; path = "StaticTableView-Demo.app"; sourceTree = BUILT_PRODUCTS_DIR; };
		624EBCBA253EF96A00F2728C /* AppDelegate.swift */ = {isa = PBXFileReference; lastKnownFileType = sourcecode.swift; path = AppDelegate.swift; sourceTree = "<group>"; };
		624EBCBC253EF96A00F2728C /* SceneDelegate.swift */ = {isa = PBXFileReference; lastKnownFileType = sourcecode.swift; path = SceneDelegate.swift; sourceTree = "<group>"; };
		624EBCBE253EF96A00F2728C /* ViewController.swift */ = {isa = PBXFileReference; lastKnownFileType = sourcecode.swift; path = ViewController.swift; sourceTree = "<group>"; };
		624EBCC1253EF96A00F2728C /* Base */ = {isa = PBXFileReference; lastKnownFileType = file.storyboard; name = Base; path = Base.lproj/Main.storyboard; sourceTree = "<group>"; };
		624EBCC3253EF96E00F2728C /* Assets.xcassets */ = {isa = PBXFileReference; lastKnownFileType = folder.assetcatalog; path = Assets.xcassets; sourceTree = "<group>"; };
		624EBCC6253EF96E00F2728C /* Base */ = {isa = PBXFileReference; lastKnownFileType = file.storyboard; name = Base; path = Base.lproj/LaunchScreen.storyboard; sourceTree = "<group>"; };
		624EBCC8253EF96E00F2728C /* Info.plist */ = {isa = PBXFileReference; lastKnownFileType = text.plist.xml; path = Info.plist; sourceTree = "<group>"; };
/* End PBXFileReference section */

/* Begin PBXFrameworksBuildPhase section */
		624EBCB4253EF96A00F2728C /* Frameworks */ = {
			isa = PBXFrameworksBuildPhase;
			buildActionMask = 2147483647;
			files = (
			);
			runOnlyForDeploymentPostprocessing = 0;
		};
/* End PBXFrameworksBuildPhase section */

/* Begin PBXGroup section */
		624EBCAE253EF96A00F2728C = {
			isa = PBXGroup;
			children = (
				624EBCB9253EF96A00F2728C /* StaticTableView-Demo */,
				624EBCB8253EF96A00F2728C /* Products */,
			);
			sourceTree = "<group>";
		};
		624EBCB8253EF96A00F2728C /* Products */ = {
			isa = PBXGroup;
			children = (
				624EBCB7253EF96A00F2728C /* StaticTableView-Demo.app */,
			);
			name = Products;
			sourceTree = "<group>";
		};
		624EBCB9253EF96A00F2728C /* StaticTableView-Demo */ = {
			isa = PBXGroup;
			children = (
				624EBCBA253EF96A00F2728C /* AppDelegate.swift */,
				624EBCBC253EF96A00F2728C /* SceneDelegate.swift */,
				624EBCBE253EF96A00F2728C /* ViewController.swift */,
				624EBCC0253EF96A00F2728C /* Main.storyboard */,
				624EBCC3253EF96E00F2728C /* Assets.xcassets */,
				624EBCC5253EF96E00F2728C /* LaunchScreen.storyboard */,
				624EBCC8253EF96E00F2728C /* Info.plist */,
			);
			path = "StaticTableView-Demo";
			sourceTree = "<group>";
		};
/* End PBXGroup section */

/* Begin PBXNativeTarget section */
		624EBCB6253EF96A00F2728C /* StaticTableView-Demo */ = {
			isa = PBXNativeTarget;
			buildConfigurationList = 624EBCCB253EF96E00F2728C /* Build configuration list for PBXNativeTarget "StaticTableView-Demo" */;
			buildPhases = (
				624EBCB3253EF96A00F2728C /* Sources */,
				624EBCB4253EF96A00F2728C /* Frameworks */,
				624EBCB5253EF96A00F2728C /* Resources */,
			);
			buildRules = (
			);
			dependencies = (
			);
			name = "StaticTableView-Demo";
			productName = "StaticTableView-Demo";
			productReference = 624EBCB7253EF96A00F2728C /* StaticTableView-Demo.app */;
			productType = "com.apple.product-type.application";
		};
/* End PBXNativeTarget section */

/* Begin PBXProject section */
		624EBCAF253EF96A00F2728C /* Project object */ = {
			isa = PBXProject;
			attributes = {
				LastSwiftUpdateCheck = 1200;
				LastUpgradeCheck = 1200;
				TargetAttributes = {
					624EBCB6253EF96A00F2728C = {
						CreatedOnToolsVersion = 12.0.1;
					};
				};
			};
			buildConfigurationList = 624EBCB2253EF96A00F2728C /* Build configuration list for PBXProject "StaticTableView-Demo" */;
			compatibilityVersion = "Xcode 9.3";
			developmentRegion = en;
			hasScannedForEncodings = 0;
			knownRegions = (
				en,
				Base,
			);
			mainGroup = 624EBCAE253EF96A00F2728C;
			productRefGroup = 624EBCB8253EF96A00F2728C /* Products */;
			projectDirPath = "";
			projectRoot = "";
			targets = (
				624EBCB6253EF96A00F2728C /* StaticTableView-Demo */,
			);
		};
/* End PBXProject section */

/* Begin PBXResourcesBuildPhase section */
		624EBCB5253EF96A00F2728C /* Resources */ = {
			isa = PBXResourcesBuildPhase;
			buildActionMask = 2147483647;
			files = (
				624EBCC7253EF96E00F2728C /* LaunchScreen.storyboard in Resources */,
				624EBCC4253EF96E00F2728C /* Assets.xcassets in Resources */,
				624EBCC2253EF96A00F2728C /* Main.storyboard in Resources */,
			);
			runOnlyForDeploymentPostprocessing = 0;
		};
/* End PBXResourcesBuildPhase section */

/* Begin PBXSourcesBuildPhase section */
		624EBCB3253EF96A00F2728C /* Sources */ = {
			isa = PBXSourcesBuildPhase;
			buildActionMask = 2147483647;
			files = (
				624EBCBF253EF96A00F2728C /* ViewController.swift in Sources */,
				624EBCBB253EF96A00F2728C /* AppDelegate.swift in Sources */,
				624EBCBD253EF96A00F2728C /* SceneDelegate.swift in Sources */,
			);
			runOnlyForDeploymentPostprocessing = 0;
		};
/* End PBXSourcesBuildPhase section */

/* Begin PBXVariantGroup section */
		624EBCC0253EF96A00F2728C /* Main.storyboard */ = {
			isa = PBXVariantGroup;
			children = (
				624EBCC1253EF96A00F2728C /* Base */,
			);
			name = Main.storyboard;
			sourceTree = "<group>";
		};
		624EBCC5253EF96E00F2728C /* LaunchScreen.storyboard */ = {
			isa = PBXVariantGroup;
			children = (
				624EBCC6253EF96E00F2728C /* Base */,
			);
			name = LaunchScreen.storyboard;
			sourceTree = "<group>";
		};
/* End PBXVariantGroup section */

/* Begin XCBuildConfiguration section */
		624EBCC9253EF96E00F2728C /* Debug */ = {
			isa = XCBuildConfiguration;
			buildSettings = {
				ALWAYS_SEARCH_USER_PATHS = NO;
				CLANG_ANALYZER_NONNULL = YES;
				CLANG_ANALYZER_NUMBER_OBJECT_CONVERSION = YES_AGGRESSIVE;
				CLANG_CXX_LANGUAGE_STANDARD = "gnu++14";
				CLANG_CXX_LIBRARY = "libc++";
				CLANG_ENABLE_MODULES = YES;
				CLANG_ENABLE_OBJC_ARC = YES;
				CLANG_ENABLE_OBJC_WEAK = YES;
				CLANG_WARN_BLOCK_CAPTURE_AUTORELEASING = YES;
				CLANG_WARN_BOOL_CONVERSION = YES;
				CLANG_WARN_COMMA = YES;
				CLANG_WARN_CONSTANT_CONVERSION = YES;
				CLANG_WARN_DEPRECATED_OBJC_IMPLEMENTATIONS = YES;
				CLANG_WARN_DIRECT_OBJC_ISA_USAGE = YES_ERROR;
				CLANG_WARN_DOCUMENTATION_COMMENTS = YES;
				CLANG_WARN_EMPTY_BODY = YES;
				CLANG_WARN_ENUM_CONVERSION = YES;
				CLANG_WARN_INFINITE_RECURSION = YES;
				CLANG_WARN_INT_CONVERSION = YES;
				CLANG_WARN_NON_LITERAL_NULL_CONVERSION = YES;
				CLANG_WARN_OBJC_IMPLICIT_RETAIN_SELF = YES;
				CLANG_WARN_OBJC_LITERAL_CONVERSION = YES;
				CLANG_WARN_OBJC_ROOT_CLASS = YES_ERROR;
				CLANG_WARN_QUOTED_INCLUDE_IN_FRAMEWORK_HEADER = YES;
				CLANG_WARN_RANGE_LOOP_ANALYSIS = YES;
				CLANG_WARN_STRICT_PROTOTYPES = YES;
				CLANG_WARN_SUSPICIOUS_MOVE = YES;
				CLANG_WARN_UNGUARDED_AVAILABILITY = YES_AGGRESSIVE;
				CLANG_WARN_UNREACHABLE_CODE = YES;
				CLANG_WARN__DUPLICATE_METHOD_MATCH = YES;
				COPY_PHASE_STRIP = NO;
				DEBUG_INFORMATION_FORMAT = dwarf;
				ENABLE_STRICT_OBJC_MSGSEND = YES;
				ENABLE_TESTABILITY = YES;
				GCC_C_LANGUAGE_STANDARD = gnu11;
				GCC_DYNAMIC_NO_PIC = NO;
				GCC_NO_COMMON_BLOCKS = YES;
				GCC_OPTIMIZATION_LEVEL = 0;
				GCC_PREPROCESSOR_DEFINITIONS = (
					"DEBUG=1",
					"$(inherited)",
				);
				GCC_WARN_64_TO_32_BIT_CONVERSION = YES;
				GCC_WARN_ABOUT_RETURN_TYPE = YES_ERROR;
				GCC_WARN_UNDECLARED_SELECTOR = YES;
				GCC_WARN_UNINITIALIZED_AUTOS = YES_AGGRESSIVE;
				GCC_WARN_UNUSED_FUNCTION = YES;
				GCC_WARN_UNUSED_VARIABLE = YES;
				IPHONEOS_DEPLOYMENT_TARGET = 14.0;
				MTL_ENABLE_DEBUG_INFO = INCLUDE_SOURCE;
				MTL_FAST_MATH = YES;
				ONLY_ACTIVE_ARCH = YES;
				SDKROOT = iphoneos;
				SWIFT_ACTIVE_COMPILATION_CONDITIONS = DEBUG;
				SWIFT_OPTIMIZATION_LEVEL = "-Onone";
			};
			name = Debug;
		};
		624EBCCA253EF96E00F2728C /* Release */ = {
			isa = XCBuildConfiguration;
			buildSettings = {
				ALWAYS_SEARCH_USER_PATHS = NO;
				CLANG_ANALYZER_NONNULL = YES;
				CLANG_ANALYZER_NUMBER_OBJECT_CONVERSION = YES_AGGRESSIVE;
				CLANG_CXX_LANGUAGE_STANDARD = "gnu++14";
				CLANG_CXX_LIBRARY = "libc++";
				CLANG_ENABLE_MODULES = YES;
				CLANG_ENABLE_OBJC_ARC = YES;
				CLANG_ENABLE_OBJC_WEAK = YES;
				CLANG_WARN_BLOCK_CAPTURE_AUTORELEASING = YES;
				CLANG_WARN_BOOL_CONVERSION = YES;
				CLANG_WARN_COMMA = YES;
				CLANG_WARN_CONSTANT_CONVERSION = YES;
				CLANG_WARN_DEPRECATED_OBJC_IMPLEMENTATIONS = YES;
				CLANG_WARN_DIRECT_OBJC_ISA_USAGE = YES_ERROR;
				CLANG_WARN_DOCUMENTATION_COMMENTS = YES;
				CLANG_WARN_EMPTY_BODY = YES;
				CLANG_WARN_ENUM_CONVERSION = YES;
				CLANG_WARN_INFINITE_RECURSION = YES;
				CLANG_WARN_INT_CONVERSION = YES;
				CLANG_WARN_NON_LITERAL_NULL_CONVERSION = YES;
				CLANG_WARN_OBJC_IMPLICIT_RETAIN_SELF = YES;
				CLANG_WARN_OBJC_LITERAL_CONVERSION = YES;
				CLANG_WARN_OBJC_ROOT_CLASS = YES_ERROR;
				CLANG_WARN_QUOTED_INCLUDE_IN_FRAMEWORK_HEADER = YES;
				CLANG_WARN_RANGE_LOOP_ANALYSIS = YES;
				CLANG_WARN_STRICT_PROTOTYPES = YES;
				CLANG_WARN_SUSPICIOUS_MOVE = YES;
				CLANG_WARN_UNGUARDED_AVAILABILITY = YES_AGGRESSIVE;
				CLANG_WARN_UNREACHABLE_CODE = YES;
				CLANG_WARN__DUPLICATE_METHOD_MATCH = YES;
				COPY_PHASE_STRIP = NO;
				DEBUG_INFORMATION_FORMAT = "dwarf-with-dsym";
				ENABLE_NS_ASSERTIONS = NO;
				ENABLE_STRICT_OBJC_MSGSEND = YES;
				GCC_C_LANGUAGE_STANDARD = gnu11;
				GCC_NO_COMMON_BLOCKS = YES;
				GCC_WARN_64_TO_32_BIT_CONVERSION = YES;
				GCC_WARN_ABOUT_RETURN_TYPE = YES_ERROR;
				GCC_WARN_UNDECLARED_SELECTOR = YES;
				GCC_WARN_UNINITIALIZED_AUTOS = YES_AGGRESSIVE;
				GCC_WARN_UNUSED_FUNCTION = YES;
				GCC_WARN_UNUSED_VARIABLE = YES;
				IPHONEOS_DEPLOYMENT_TARGET = 14.0;
				MTL_ENABLE_DEBUG_INFO = NO;
				MTL_FAST_MATH = YES;
				SDKROOT = iphoneos;
				SWIFT_COMPILATION_MODE = wholemodule;
				SWIFT_OPTIMIZATION_LEVEL = "-O";
				VALIDATE_PRODUCT = YES;
			};
			name = Release;
		};
		624EBCCC253EF96E00F2728C /* Debug */ = {
			isa = XCBuildConfiguration;
			buildSettings = {
				ASSETCATALOG_COMPILER_APPICON_NAME = AppIcon;
				ASSETCATALOG_COMPILER_GLOBAL_ACCENT_COLOR_NAME = AccentColor;
				CODE_SIGN_STYLE = Automatic;
				INFOPLIST_FILE = "StaticTableView-Demo/Info.plist";
				LD_RUNPATH_SEARCH_PATHS = (
					"$(inherited)",
					"@executable_path/Frameworks",
				);
				PRODUCT_BUNDLE_IDENTIFIER = "com.roberto-fernandes.StaticTableView-Demo";
				PRODUCT_NAME = "$(TARGET_NAME)";
				SWIFT_VERSION = 5.0;
				TARGETED_DEVICE_FAMILY = "1,2";
			};
			name = Debug;
		};
		624EBCCD253EF96E00F2728C /* Release */ = {
			isa = XCBuildConfiguration;
			buildSettings = {
				ASSETCATALOG_COMPILER_APPICON_NAME = AppIcon;
				ASSETCATALOG_COMPILER_GLOBAL_ACCENT_COLOR_NAME = AccentColor;
				CODE_SIGN_STYLE = Automatic;
				INFOPLIST_FILE = "StaticTableView-Demo/Info.plist";
				LD_RUNPATH_SEARCH_PATHS = (
					"$(inherited)",
					"@executable_path/Frameworks",
				);
				PRODUCT_BUNDLE_IDENTIFIER = "com.roberto-fernandes.StaticTableView-Demo";
				PRODUCT_NAME = "$(TARGET_NAME)";
				SWIFT_VERSION = 5.0;
				TARGETED_DEVICE_FAMILY = "1,2";
			};
			name = Release;
		};
/* End XCBuildConfiguration section */

/* Begin XCConfigurationList section */
		624EBCB2253EF96A00F2728C /* Build configuration list for PBXProject "StaticTableView-Demo" */ = {
			isa = XCConfigurationList;
			buildConfigurations = (
				624EBCC9253EF96E00F2728C /* Debug */,
				624EBCCA253EF96E00F2728C /* Release */,
			);
			defaultConfigurationIsVisible = 0;
			defaultConfigurationName = Release;
		};
		624EBCCB253EF96E00F2728C /* Build configuration list for PBXNativeTarget "StaticTableView-Demo" */ = {
			isa = XCConfigurationList;
			buildConfigurations = (
				624EBCCC253EF96E00F2728C /* Debug */,
				624EBCCD253EF96E00F2728C /* Release */,
			);
			defaultConfigurationIsVisible = 0;
			defaultConfigurationName = Release;
		};
/* End XCConfigurationList section */
	};
	rootObject = 624EBCAF253EF96A00F2728C /* Project object */;
}
